// !$*UTF8*$!
{
	archiveVersion = 1;
	classes = {
	};
	objectVersion = 46;
	objects = {

/* Begin PBXBuildFile section */
		B889A0FF1CB8D96700869473 /* main.m in Sources */ = {isa = PBXBuildFile; fileRef = B889A0FE1CB8D96700869473 /* main.m */; };
		B889A1021CB8D96700869473 /* AppDelegate.m in Sources */ = {isa = PBXBuildFile; fileRef = B889A1011CB8D96700869473 /* AppDelegate.m */; };
		B889A1051CB8D96700869473 /* ViewController.m in Sources */ = {isa = PBXBuildFile; fileRef = B889A1041CB8D96700869473 /* ViewController.m */; };
		B889A1081CB8D96700869473 /* Main.storyboard in Resources */ = {isa = PBXBuildFile; fileRef = B889A1061CB8D96700869473 /* Main.storyboard */; };
		B889A10A1CB8D96700869473 /* Assets.xcassets in Resources */ = {isa = PBXBuildFile; fileRef = B889A1091CB8D96700869473 /* Assets.xcassets */; };
		B889A10D1CB8D96700869473 /* LaunchScreen.storyboard in Resources */ = {isa = PBXBuildFile; fileRef = B889A10B1CB8D96700869473 /* LaunchScreen.storyboard */; };
/* End PBXBuildFile section */

/* Begin PBXFileReference section */
		B889A0FA1CB8D96700869473 /* 项目一.app */ = {isa = PBXFileReference; explicitFileType = wrapper.application; includeInIndex = 0; path = "项目一.app"; sourceTree = BUILT_PRODUCTS_DIR; };
		B889A0FE1CB8D96700869473 /* main.m */ = {isa = PBXFileReference; lastKnownFileType = sourcecode.c.objc; path = main.m; sourceTree = "<group>"; };
		B889A1001CB8D96700869473 /* AppDelegate.h */ = {isa = PBXFileReference; lastKnownFileType = sourcecode.c.h; path = AppDelegate.h; sourceTree = "<group>"; };
		B889A1011CB8D96700869473 /* AppDelegate.m */ = {isa = PBXFileReference; lastKnownFileType = sourcecode.c.objc; path = AppDelegate.m; sourceTree = "<group>"; };
		B889A1031CB8D96700869473 /* ViewController.h */ = {isa = PBXFileReference; lastKnownFileType = sourcecode.c.h; path = ViewController.h; sourceTree = "<group>"; };
		B889A1041CB8D96700869473 /* ViewController.m */ = {isa = PBXFileReference; lastKnownFileType = sourcecode.c.objc; path = ViewController.m; sourceTree = "<group>"; };
		B889A1071CB8D96700869473 /* Base */ = {isa = PBXFileReference; lastKnownFileType = file.storyboard; name = Base; path = Base.lproj/Main.storyboard; sourceTree = "<group>"; };
		B889A1091CB8D96700869473 /* Assets.xcassets */ = {isa = PBXFileReference; lastKnownFileType = folder.assetcatalog; path = Assets.xcassets; sourceTree = "<group>"; };
		B889A10C1CB8D96700869473 /* Base */ = {isa = PBXFileReference; lastKnownFileType = file.storyboard; name = Base; path = Base.lproj/LaunchScreen.storyboard; sourceTree = "<group>"; };
		B889A10E1CB8D96700869473 /* Info.plist */ = {isa = PBXFileReference; lastKnownFileType = text.plist.xml; path = Info.plist; sourceTree = "<group>"; };
/* End PBXFileReference section */

/* Begin PBXFrameworksBuildPhase section */
		B889A0F71CB8D96700869473 /* Frameworks */ = {
			isa = PBXFrameworksBuildPhase;
			buildActionMask = 2147483647;
			files = (
			);
			runOnlyForDeploymentPostprocessing = 0;
		};
/* End PBXFrameworksBuildPhase section */

/* Begin PBXGroup section */
		B889A0F11CB8D96700869473 = {
			isa = PBXGroup;
			children = (
				B889A0FC1CB8D96700869473 /* 项目一 */,
				B889A0FB1CB8D96700869473 /* Products */,
			);
			sourceTree = "<group>";
		};
		B889A0FB1CB8D96700869473 /* Products */ = {
			isa = PBXGroup;
			children = (
				B889A0FA1CB8D96700869473 /* 项目一.app */,
			);
			name = Products;
			sourceTree = "<group>";
		};
		B889A0FC1CB8D96700869473 /* 项目一 */ = {
			isa = PBXGroup;
			children = (
				B889A1001CB8D96700869473 /* AppDelegate.h */,
				B889A1011CB8D96700869473 /* AppDelegate.m */,
				B889A1031CB8D96700869473 /* ViewController.h */,
				B889A1041CB8D96700869473 /* ViewController.m */,
				B889A1061CB8D96700869473 /* Main.storyboard */,
				B889A1091CB8D96700869473 /* Assets.xcassets */,
				B889A10B1CB8D96700869473 /* LaunchScreen.storyboard */,
				B889A10E1CB8D96700869473 /* Info.plist */,
				B889A0FD1CB8D96700869473 /* Supporting Files */,
			);
			path = "项目一";
			sourceTree = "<group>";
		};
		B889A0FD1CB8D96700869473 /* Supporting Files */ = {
			isa = PBXGroup;
			children = (
				B889A0FE1CB8D96700869473 /* main.m */,
			);
			name = "Supporting Files";
			sourceTree = "<group>";
		};
/* End PBXGroup section */

/* Begin PBXNativeTarget section */
		B889A0F91CB8D96700869473 /* 项目一 */ = {
			isa = PBXNativeTarget;
			buildConfigurationList = B889A1111CB8D96700869473 /* Build configuration list for PBXNativeTarget "项目一" */;
			buildPhases = (
				B889A0F61CB8D96700869473 /* Sources */,
				B889A0F71CB8D96700869473 /* Frameworks */,
				B889A0F81CB8D96700869473 /* Resources */,
			);
			buildRules = (
			);
			dependencies = (
			);
			name = "项目一";
			productName = "项目一";
			productReference = B889A0FA1CB8D96700869473 /* 项目一.app */;
			productType = "com.apple.product-type.application";
		};
/* End PBXNativeTarget section */

/* Begin PBXProject section */
		B889A0F21CB8D96700869473 /* Project object */ = {
			isa = PBXProject;
			attributes = {
				LastUpgradeCheck = 0710;
				ORGANIZATIONNAME = Aaron;
				TargetAttributes = {
					B889A0F91CB8D96700869473 = {
						CreatedOnToolsVersion = 7.1;
					};
				};
			};
			buildConfigurationList = B889A0F51CB8D96700869473 /* Build configuration list for PBXProject "项目一" */;
			compatibilityVersion = "Xcode 3.2";
			developmentRegion = English;
			hasScannedForEncodings = 0;
			knownRegions = (
				en,
				Base,
			);
			mainGroup = B889A0F11CB8D96700869473;
			productRefGroup = B889A0FB1CB8D96700869473 /* Products */;
			projectDirPath = "";
			projectRoot = "";
			targets = (
				B889A0F91CB8D96700869473 /* 项目一 */,
			);
		};
/* End PBXProject section */

/* Begin PBXResourcesBuildPhase section */
		B889A0F81CB8D96700869473 /* Resources */ = {
			isa = PBXResourcesBuildPhase;
			buildActionMask = 2147483647;
			files = (
				B889A10D1CB8D96700869473 /* LaunchScreen.storyboard in Resources */,
				B889A10A1CB8D96700869473 /* Assets.xcassets in Resources */,
				B889A1081CB8D96700869473 /* Main.storyboard in Resources */,
			);
			runOnlyForDeploymentPostprocessing = 0;
		};
/* End PBXResourcesBuildPhase section */

/* Begin PBXSourcesBuildPhase section */
		B889A0F61CB8D96700869473 /* Sources */ = {
			isa = PBXSourcesBuildPhase;
			buildActionMask = 2147483647;
			files = (
				B889A1051CB8D96700869473 /* ViewController.m in Sources */,
				B889A1021CB8D96700869473 /* AppDelegate.m in Sources */,
				B889A0FF1CB8D96700869473 /* main.m in Sources */,
			);
			runOnlyForDeploymentPostprocessing = 0;
		};
/* End PBXSourcesBuildPhase section */

/* Begin PBXVariantGroup section */
		B889A1061CB8D96700869473 /* Main.storyboard */ = {
			isa = PBXVariantGroup;
			children = (
				B889A1071CB8D96700869473 /* Base */,
			);
			name = Main.storyboard;
			sourceTree = "<group>";
		};
		B889A10B1CB8D96700869473 /* LaunchScreen.storyboard */ = {
			isa = PBXVariantGroup;
			children = (
				B889A10C1CB8D96700869473 /* Base */,
			);
			name = LaunchScreen.storyboard;
			sourceTree = "<group>";
		};
/* End PBXVariantGroup section */

/* Begin XCBuildConfiguration section */
		B889A10F1CB8D96700869473 /* Debug */ = {
			isa = XCBuildConfiguration;
			buildSettings = {
				ALWAYS_SEARCH_USER_PATHS = NO;
				CLANG_CXX_LANGUAGE_STANDARD = "gnu++0x";
				CLANG_CXX_LIBRARY = "libc++";
				CLANG_ENABLE_MODULES = YES;
				CLANG_ENABLE_OBJC_ARC = YES;
				CLANG_WARN_BOOL_CONVERSION = YES;
				CLANG_WARN_CONSTANT_CONVERSION = YES;
				CLANG_WARN_DIRECT_OBJC_ISA_USAGE = YES_ERROR;
				CLANG_WARN_EMPTY_BODY = YES;
				CLANG_WARN_ENUM_CONVERSION = YES;
				CLANG_WARN_INT_CONVERSION = YES;
				CLANG_WARN_OBJC_ROOT_CLASS = YES_ERROR;
				CLANG_WARN_UNREACHABLE_CODE = YES;
				CLANG_WARN__DUPLICATE_METHOD_MATCH = YES;
				"CODE_SIGN_IDENTITY[sdk=iphoneos*]" = "iPhone Developer";
				COPY_PHASE_STRIP = NO;
				DEBUG_INFORMATION_FORMAT = dwarf;
				ENABLE_STRICT_OBJC_MSGSEND = YES;
				ENABLE_TESTABILITY = YES;
				GCC_C_LANGUAGE_STANDARD = gnu99;
				GCC_DYNAMIC_NO_PIC = NO;
				GCC_NO_COMMON_BLOCKS = YES;
				GCC_OPTIMIZATION_LEVEL = 0;
				GCC_PREPROCESSOR_DEFINITIONS = (
					"DEBUG=1",
					"$(inherited)",
				);
				GCC_WARN_64_TO_32_BIT_CONVERSION = YES;
				GCC_WARN_ABOUT_RETURN_TYPE = YES_ERROR;
				GCC_WARN_UNDECLARED_SELECTOR = YES;
				GCC_WARN_UNINITIALIZED_AUTOS = YES_AGGRESSIVE;
				GCC_WARN_UNUSED_FUNCTION = YES;
				GCC_WARN_UNUSED_VARIABLE = YES;
				IPHONEOS_DEPLOYMENT_TARGET = 9.1;
				MTL_ENABLE_DEBUG_INFO = YES;
				ONLY_ACTIVE_ARCH = YES;
				SDKROOT = iphoneos;
				TARGETED_DEVICE_FAMILY = "1,2";
			};
			name = Debug;
		};
		B889A1101CB8D96700869473 /* Release */ = {
			isa = XCBuildConfiguration;
			buildSettings = {
				ALWAYS_SEARCH_USER_PATHS = NO;
				CLANG_CXX_LANGUAGE_STANDARD = "gnu++0x";
				CLANG_CXX_LIBRARY = "libc++";
				CLANG_ENABLE_MODULES = YES;
				CLANG_ENABLE_OBJC_ARC = YES;
				CLANG_WARN_BOOL_CONVERSION = YES;
				CLANG_WARN_CONSTANT_CONVERSION = YES;
				CLANG_WARN_DIRECT_OBJC_ISA_USAGE = YES_ERROR;
				CLANG_WARN_EMPTY_BODY = YES;
				CLANG_WARN_ENUM_CONVERSION = YES;
				CLANG_WARN_INT_CONVERSION = YES;
				CLANG_WARN_OBJC_ROOT_CLASS = YES_ERROR;
				CLANG_WARN_UNREACHABLE_CODE = YES;
				CLANG_WARN__DUPLICATE_METHOD_MATCH = YES;
				"CODE_SIGN_IDENTITY[sdk=iphoneos*]" = "iPhone Developer";
				COPY_PHASE_STRIP = NO;
				DEBUG_INFORMATION_FORMAT = "dwarf-with-dsym";
				ENABLE_NS_ASSERTIONS = NO;
				ENABLE_STRICT_OBJC_MSGSEND = YES;
				GCC_C_LANGUAGE_STANDARD = gnu99;
				GCC_NO_COMMON_BLOCKS = YES;
				GCC_WARN_64_TO_32_BIT_CONVERSION = YES;
				GCC_WARN_ABOUT_RETURN_TYPE = YES_ERROR;
				GCC_WARN_UNDECLARED_SELECTOR = YES;
				GCC_WARN_UNINITIALIZED_AUTOS = YES_AGGRESSIVE;
				GCC_WARN_UNUSED_FUNCTION = YES;
				GCC_WARN_UNUSED_VARIABLE = YES;
				IPHONEOS_DEPLOYMENT_TARGET = 9.1;
				MTL_ENABLE_DEBUG_INFO = NO;
				SDKROOT = iphoneos;
				TARGETED_DEVICE_FAMILY = "1,2";
				VALIDATE_PRODUCT = YES;
			};
			name = Release;
		};
		B889A1121CB8D96700869473 /* Debug */ = {
			isa = XCBuildConfiguration;
			buildSettings = {
				ASSETCATALOG_COMPILER_APPICON_NAME = AppIcon;
				INFOPLIST_FILE = "项目一/Info.plist";
				LD_RUNPATH_SEARCH_PATHS = "$(inherited) @executable_path/Frameworks";
				PRODUCT_BUNDLE_IDENTIFIER = "com.Aaron.---";
				PRODUCT_NAME = "$(TARGET_NAME)";
			};
			name = Debug;
		};
		B889A1131CB8D96700869473 /* Release */ = {
			isa = XCBuildConfiguration;
			buildSettings = {
				ASSETCATALOG_COMPILER_APPICON_NAME = AppIcon;
				INFOPLIST_FILE = "项目一/Info.plist";
				LD_RUNPATH_SEARCH_PATHS = "$(inherited) @executable_path/Frameworks";
				PRODUCT_BUNDLE_IDENTIFIER = "com.Aaron.---";
				PRODUCT_NAME = "$(TARGET_NAME)";
			};
			name = Release;
		};
/* End XCBuildConfiguration section */

/* Begin XCConfigurationList section */
		B889A0F51CB8D96700869473 /* Build configuration list for PBXProject "项目一" */ = {
			isa = XCConfigurationList;
			buildConfigurations = (
				B889A10F1CB8D96700869473 /* Debug */,
				B889A1101CB8D96700869473 /* Release */,
			);
			defaultConfigurationIsVisible = 0;
			defaultConfigurationName = Release;
		};
		B889A1111CB8D96700869473 /* Build configuration list for PBXNativeTarget "项目一" */ = {
			isa = XCConfigurationList;
			buildConfigurations = (
				B889A1121CB8D96700869473 /* Debug */,
				B889A1131CB8D96700869473 /* Release */,
			);
			defaultConfigurationIsVisible = 0;
		};
/* End XCConfigurationList section */
	};
	rootObject = B889A0F21CB8D96700869473 /* Project object */;
}
